
Microsoft Visual Studio Solution File, Format Version 10.00
# Visual Studio 2008
Project("{FAE04EC0-301F-11D3-BF4B-00C04F79EFBC}") = "MercaSis", "mercasis\MercaSis.csproj", "{2C2B8DA6-8F11-44AD-8F9E-F2AA8C506A1F}"
EndProject
Project("{FAE04EC0-301F-11D3-BF4B-00C04F79EFBC}") = "MercaSisTOs", "MercaSisTOs\MercaSisTOs.csproj", "{AE55B7C9-CBFB-4BF3-A9D4-105B7F0DBD11}"
EndProject
Project("{FAE04EC0-301F-11D3-BF4B-00C04F79EFBC}") = "MercaSisRNs", "MercaSisRNs\MercaSisRNs.csproj", "{44A09455-FB62-4983-A40F-C4454320D65B}"
EndProject
Project("{FAE04EC0-301F-11D3-BF4B-00C04F79EFBC}") = "MercaSisBDs", "MercaSisBDs\MercaSisBDs.csproj", "{355D20D0-C85F-4EDE-A231-D06DBA0AC933}"
EndProject
Global
	GlobalSection(SolutionConfigurationPlatforms) = preSolution
		Debug|Any CPU = Debug|Any CPU
		Release|Any CPU = Release|Any CPU
	EndGlobalSection
	GlobalSection(ProjectConfigurationPlatforms) = postSolution
		{2C2B8DA6-8F11-44AD-8F9E-F2AA8C506A1F}.Debug|Any CPU.ActiveCfg = Debug|Any CPU
		{2C2B8DA6-8F11-44AD-8F9E-F2AA8C506A1F}.Debug|Any CPU.Build.0 = Debug|Any CPU
		{2C2B8DA6-8F11-44AD-8F9E-F2AA8C506A1F}.Release|Any CPU.ActiveCfg = Release|Any CPU
		{2C2B8DA6-8F11-44AD-8F9E-F2AA8C506A1F}.Release|Any CPU.Build.0 = Release|Any CPU
		{AE55B7C9-CBFB-4BF3-A9D4-105B7F0DBD11}.Debug|Any CPU.ActiveCfg = Debug|Any CPU
		{AE55B7C9-CBFB-4BF3-A9D4-105B7F0DBD11}.Debug|Any CPU.Build.0 = Debug|Any CPU
		{AE55B7C9-CBFB-4BF3-A9D4-105B7F0DBD11}.Release|Any CPU.ActiveCfg = Release|Any CPU
		{AE55B7C9-CBFB-4BF3-A9D4-105B7F0DBD11}.Release|Any CPU.Build.0 = Release|Any CPU
		{44A09455-FB62-4983-A40F-C4454320D65B}.Debug|Any CPU.ActiveCfg = Debug|Any CPU
		{44A09455-FB62-4983-A40F-C4454320D65B}.Debug|Any CPU.Build.0 = Debug|Any CPU
		{44A09455-FB62-4983-A40F-C4454320D65B}.Release|Any CPU.ActiveCfg = Release|Any CPU
		{44A09455-FB62-4983-A40F-C4454320D65B}.Release|Any CPU.Build.0 = Release|Any CPU
		{355D20D0-C85F-4EDE-A231-D06DBA0AC933}.Debug|Any CPU.ActiveCfg = Debug|Any CPU
		{355D20D0-C85F-4EDE-A231-D06DBA0AC933}.Debug|Any CPU.Build.0 = Debug|Any CPU
		{355D20D0-C85F-4EDE-A231-D06DBA0AC933}.Release|Any CPU.ActiveCfg = Release|Any CPU
		{355D20D0-C85F-4EDE-A231-D06DBA0AC933}.Release|Any CPU.Build.0 = Release|Any CPU
	EndGlobalSection
	GlobalSection(SolutionProperties) = preSolution
		HideSolutionNode = FALSE
	EndGlobalSection
EndGlobal
